
Microsoft Visual Studio Solution File, Format Version 12.00
# Visual Studio Version 17
VisualStudioVersion = 17.4.33122.133
MinimumVisualStudioVersion = 10.0.40219.1
Project("{FAE04EC0-301F-11D3-BF4B-00C04F79EFBC}") = "ConversorTemperatura", "ConversorTemperatura\ConversorTemperatura.csproj", "{1154E6F4-0892-4078-9AF2-EE14B9AC61C8}"
EndProject
Project("{FAE04EC0-301F-11D3-BF4B-00C04F79EFBC}") = "ConversorTemperatura.Teste", "ConversorTemperatura.Teste\ConversorTemperatura.Teste.csproj", "{94C35718-E150-4A89-BF04-FA105FC3E3F7}"
EndProject
Global
	GlobalSection(SolutionConfigurationPlatforms) = preSolution
		Debug|Any CPU = Debug|Any CPU
		Release|Any CPU = Release|Any CPU
	EndGlobalSection
	GlobalSection(ProjectConfigurationPlatforms) = postSolution
		{1154E6F4-0892-4078-9AF2-EE14B9AC61C8}.Debug|Any CPU.ActiveCfg = Debug|Any CPU
		{1154E6F4-0892-4078-9AF2-EE14B9AC61C8}.Debug|Any CPU.Build.0 = Debug|Any CPU
		{1154E6F4-0892-4078-9AF2-EE14B9AC61C8}.Release|Any CPU.ActiveCfg = Release|Any CPU
		{1154E6F4-0892-4078-9AF2-EE14B9AC61C8}.Release|Any CPU.Build.0 = Release|Any CPU
		{94C35718-E150-4A89-BF04-FA105FC3E3F7}.Debug|Any CPU.ActiveCfg = Debug|Any CPU
		{94C35718-E150-4A89-BF04-FA105FC3E3F7}.Debug|Any CPU.Build.0 = Debug|Any CPU
		{94C35718-E150-4A89-BF04-FA105FC3E3F7}.Release|Any CPU.ActiveCfg = Release|Any CPU
		{94C35718-E150-4A89-BF04-FA105FC3E3F7}.Release|Any CPU.Build.0 = Release|Any CPU
	EndGlobalSection
	GlobalSection(SolutionProperties) = preSolution
		HideSolutionNode = FALSE
	EndGlobalSection
	GlobalSection(ExtensibilityGlobals) = postSolution
		SolutionGuid = {5DA4DDB1-A75E-4174-BDA9-5DDAAE88CB9B}
	EndGlobalSection
EndGlobal
